// !$*UTF8*$!
{
	archiveVersion = 1;
	classes = {
	};
	objectVersion = 51;
	objects = {

/* Begin PBXBuildFile section */
		AC55C7CD254571E80080D3E4 /* AppDelegate.swift in Sources */ = {isa = PBXBuildFile; fileRef = AC55C7CC254571E80080D3E4 /* AppDelegate.swift */; };
		AC55C7CF254571E80080D3E4 /* SceneDelegate.swift in Sources */ = {isa = PBXBuildFile; fileRef = AC55C7CE254571E80080D3E4 /* SceneDelegate.swift */; };
		AC55C7D4254571E80080D3E4 /* Main.storyboard in Resources */ = {isa = PBXBuildFile; fileRef = AC55C7D2254571E80080D3E4 /* Main.storyboard */; };
		AC55C7D6254571EB0080D3E4 /* Assets.xcassets in Resources */ = {isa = PBXBuildFile; fileRef = AC55C7D5254571EB0080D3E4 /* Assets.xcassets */; };
		AC55C7D9254571EB0080D3E4 /* LaunchScreen.storyboard in Resources */ = {isa = PBXBuildFile; fileRef = AC55C7D7254571EB0080D3E4 /* LaunchScreen.storyboard */; };
		AC55C7E4254571EB0080D3E4 /* BitbucketRepoTests.swift in Sources */ = {isa = PBXBuildFile; fileRef = AC55C7E3254571EB0080D3E4 /* BitbucketRepoTests.swift */; };
		AC55C7EF254571EB0080D3E4 /* BitbucketRepoUITests.swift in Sources */ = {isa = PBXBuildFile; fileRef = AC55C7EE254571EB0080D3E4 /* BitbucketRepoUITests.swift */; };
		AC55C81F254584E80080D3E4 /* ListRepositoryViewController.swift in Sources */ = {isa = PBXBuildFile; fileRef = AC55C81E254584E80080D3E4 /* ListRepositoryViewController.swift */; };
		AC55C82B254585600080D3E4 /* RepositoryResponse.swift in Sources */ = {isa = PBXBuildFile; fileRef = AC55C82A254585600080D3E4 /* RepositoryResponse.swift */; };
		AC55C8302545868C0080D3E4 /* Repository.swift in Sources */ = {isa = PBXBuildFile; fileRef = AC55C82F2545868C0080D3E4 /* Repository.swift */; };
		AC55C83A25458A3C0080D3E4 /* RepositoryCell.swift in Sources */ = {isa = PBXBuildFile; fileRef = AC55C83925458A3C0080D3E4 /* RepositoryCell.swift */; };
		AC55C84325458AF20080D3E4 /* NetworkManager.swift in Sources */ = {isa = PBXBuildFile; fileRef = AC55C84225458AF20080D3E4 /* NetworkManager.swift */; };
		ACA787B72545A9A30080CCBF /* Owner.swift in Sources */ = {isa = PBXBuildFile; fileRef = ACA787B62545A9A30080CCBF /* Owner.swift */; };
		ACCD9DC22545AE95004A274D /* Utils.swift in Sources */ = {isa = PBXBuildFile; fileRef = ACCD9DC12545AE95004A274D /* Utils.swift */; };
		ACCD9DC72545B61F004A274D /* Constants.swift in Sources */ = {isa = PBXBuildFile; fileRef = ACCD9DC62545B61F004A274D /* Constants.swift */; };
		B963237DF1EB32B3FEA3E3FB /* Pods_BitbucketRepo.framework in Frameworks */ = {isa = PBXBuildFile; fileRef = 5C2DA79F8871C17A6198A9F6 /* Pods_BitbucketRepo.framework */; };
/* End PBXBuildFile section */

/* Begin PBXContainerItemProxy section */
		AC55C7E0254571EB0080D3E4 /* PBXContainerItemProxy */ = {
			isa = PBXContainerItemProxy;
			containerPortal = AC55C7C1254571E80080D3E4 /* Project object */;
			proxyType = 1;
			remoteGlobalIDString = AC55C7C8254571E80080D3E4;
			remoteInfo = BitbucketRepo;
		};
		AC55C7EB254571EB0080D3E4 /* PBXContainerItemProxy */ = {
			isa = PBXContainerItemProxy;
			containerPortal = AC55C7C1254571E80080D3E4 /* Project object */;
			proxyType = 1;
			remoteGlobalIDString = AC55C7C8254571E80080D3E4;
			remoteInfo = BitbucketRepo;
		};
/* End PBXContainerItemProxy section */

/* Begin PBXFileReference section */
		5C2DA79F8871C17A6198A9F6 /* Pods_BitbucketRepo.framework */ = {isa = PBXFileReference; explicitFileType = wrapper.framework; includeInIndex = 0; path = Pods_BitbucketRepo.framework; sourceTree = BUILT_PRODUCTS_DIR; };
		907AC66A210BD20B403F824D /* Pods-BitbucketRepo.release.xcconfig */ = {isa = PBXFileReference; includeInIndex = 1; lastKnownFileType = text.xcconfig; name = "Pods-BitbucketRepo.release.xcconfig"; path = "Target Support Files/Pods-BitbucketRepo/Pods-BitbucketRepo.release.xcconfig"; sourceTree = "<group>"; };
		AC55C7C9254571E80080D3E4 /* BitbucketRepo.app */ = {isa = PBXFileReference; explicitFileType = wrapper.application; includeInIndex = 0; path = BitbucketRepo.app; sourceTree = BUILT_PRODUCTS_DIR; };
		AC55C7CC254571E80080D3E4 /* AppDelegate.swift */ = {isa = PBXFileReference; lastKnownFileType = sourcecode.swift; path = AppDelegate.swift; sourceTree = "<group>"; };
		AC55C7CE254571E80080D3E4 /* SceneDelegate.swift */ = {isa = PBXFileReference; lastKnownFileType = sourcecode.swift; path = SceneDelegate.swift; sourceTree = "<group>"; };
		AC55C7D3254571E80080D3E4 /* Base */ = {isa = PBXFileReference; lastKnownFileType = file.storyboard; name = Base; path = Base.lproj/Main.storyboard; sourceTree = "<group>"; };
		AC55C7D5254571EB0080D3E4 /* Assets.xcassets */ = {isa = PBXFileReference; lastKnownFileType = folder.assetcatalog; path = Assets.xcassets; sourceTree = "<group>"; };
		AC55C7D8254571EB0080D3E4 /* Base */ = {isa = PBXFileReference; lastKnownFileType = file.storyboard; name = Base; path = Base.lproj/LaunchScreen.storyboard; sourceTree = "<group>"; };
		AC55C7DA254571EB0080D3E4 /* Info.plist */ = {isa = PBXFileReference; lastKnownFileType = text.plist.xml; path = Info.plist; sourceTree = "<group>"; };
		AC55C7DF254571EB0080D3E4 /* BitbucketRepoTests.xctest */ = {isa = PBXFileReference; explicitFileType = wrapper.cfbundle; includeInIndex = 0; path = BitbucketRepoTests.xctest; sourceTree = BUILT_PRODUCTS_DIR; };
		AC55C7E3254571EB0080D3E4 /* BitbucketRepoTests.swift */ = {isa = PBXFileReference; lastKnownFileType = sourcecode.swift; path = BitbucketRepoTests.swift; sourceTree = "<group>"; };
		AC55C7E5254571EB0080D3E4 /* Info.plist */ = {isa = PBXFileReference; lastKnownFileType = text.plist.xml; path = Info.plist; sourceTree = "<group>"; };
		AC55C7EA254571EB0080D3E4 /* BitbucketRepoUITests.xctest */ = {isa = PBXFileReference; explicitFileType = wrapper.cfbundle; includeInIndex = 0; path = BitbucketRepoUITests.xctest; sourceTree = BUILT_PRODUCTS_DIR; };
		AC55C7EE254571EB0080D3E4 /* BitbucketRepoUITests.swift */ = {isa = PBXFileReference; lastKnownFileType = sourcecode.swift; path = BitbucketRepoUITests.swift; sourceTree = "<group>"; };
		AC55C7F0254571EB0080D3E4 /* Info.plist */ = {isa = PBXFileReference; lastKnownFileType = text.plist.xml; path = Info.plist; sourceTree = "<group>"; };
		AC55C81E254584E80080D3E4 /* ListRepositoryViewController.swift */ = {isa = PBXFileReference; lastKnownFileType = sourcecode.swift; path = ListRepositoryViewController.swift; sourceTree = "<group>"; };
		AC55C82A254585600080D3E4 /* RepositoryResponse.swift */ = {isa = PBXFileReference; lastKnownFileType = sourcecode.swift; path = RepositoryResponse.swift; sourceTree = "<group>"; };
		AC55C82F2545868C0080D3E4 /* Repository.swift */ = {isa = PBXFileReference; lastKnownFileType = sourcecode.swift; path = Repository.swift; sourceTree = "<group>"; };
		AC55C83925458A3C0080D3E4 /* RepositoryCell.swift */ = {isa = PBXFileReference; lastKnownFileType = sourcecode.swift; path = RepositoryCell.swift; sourceTree = "<group>"; };
		AC55C84225458AF20080D3E4 /* NetworkManager.swift */ = {isa = PBXFileReference; lastKnownFileType = sourcecode.swift; path = NetworkManager.swift; sourceTree = "<group>"; };
		ACA787B62545A9A30080CCBF /* Owner.swift */ = {isa = PBXFileReference; lastKnownFileType = sourcecode.swift; path = Owner.swift; sourceTree = "<group>"; };
		ACCD9DC12545AE95004A274D /* Utils.swift */ = {isa = PBXFileReference; lastKnownFileType = sourcecode.swift; path = Utils.swift; sourceTree = "<group>"; };
		ACCD9DC62545B61F004A274D /* Constants.swift */ = {isa = PBXFileReference; lastKnownFileType = sourcecode.swift; path = Constants.swift; sourceTree = "<group>"; };
		CCD000790C246E58E5792E17 /* Pods-BitbucketRepo.debug.xcconfig */ = {isa = PBXFileReference; includeInIndex = 1; lastKnownFileType = text.xcconfig; name = "Pods-BitbucketRepo.debug.xcconfig"; path = "Target Support Files/Pods-BitbucketRepo/Pods-BitbucketRepo.debug.xcconfig"; sourceTree = "<group>"; };
/* End PBXFileReference section */

/* Begin PBXFrameworksBuildPhase section */
		AC55C7C6254571E80080D3E4 /* Frameworks */ = {
			isa = PBXFrameworksBuildPhase;
			buildActionMask = 2147483647;
			files = (
				B963237DF1EB32B3FEA3E3FB /* Pods_BitbucketRepo.framework in Frameworks */,
			);
			runOnlyForDeploymentPostprocessing = 0;
		};
		AC55C7DC254571EB0080D3E4 /* Frameworks */ = {
			isa = PBXFrameworksBuildPhase;
			buildActionMask = 2147483647;
			files = (
			);
			runOnlyForDeploymentPostprocessing = 0;
		};
		AC55C7E7254571EB0080D3E4 /* Frameworks */ = {
			isa = PBXFrameworksBuildPhase;
			buildActionMask = 2147483647;
			files = (
			);
			runOnlyForDeploymentPostprocessing = 0;
		};
/* End PBXFrameworksBuildPhase section */

/* Begin PBXGroup section */
		2FF00925A7971E708732E1A5 /* Frameworks */ = {
			isa = PBXGroup;
			children = (
				5C2DA79F8871C17A6198A9F6 /* Pods_BitbucketRepo.framework */,
			);
			name = Frameworks;
			sourceTree = "<group>";
		};
		AC55C7C0254571E80080D3E4 = {
			isa = PBXGroup;
			children = (
				AC55C7CB254571E80080D3E4 /* BitbucketRepo */,
				AC55C7E2254571EB0080D3E4 /* BitbucketRepoTests */,
				AC55C7ED254571EB0080D3E4 /* BitbucketRepoUITests */,
				AC55C7CA254571E80080D3E4 /* Products */,
				E4B4B0F54977A6D3EA5B5E5C /* Pods */,
				2FF00925A7971E708732E1A5 /* Frameworks */,
			);
			sourceTree = "<group>";
		};
		AC55C7CA254571E80080D3E4 /* Products */ = {
			isa = PBXGroup;
			children = (
				AC55C7C9254571E80080D3E4 /* BitbucketRepo.app */,
				AC55C7DF254571EB0080D3E4 /* BitbucketRepoTests.xctest */,
				AC55C7EA254571EB0080D3E4 /* BitbucketRepoUITests.xctest */,
			);
			name = Products;
			sourceTree = "<group>";
		};
		AC55C7CB254571E80080D3E4 /* BitbucketRepo */ = {
			isa = PBXGroup;
			children = (
				AC55C7CC254571E80080D3E4 /* AppDelegate.swift */,
				AC55C84125458AD50080D3E4 /* Helpers */,
				AC55C826254585360080D3E4 /* Models */,
				AC55C834254588D90080D3E4 /* Views */,
				AC55C81A254584890080D3E4 /* ViewControllers */,
				AC55C7CE254571E80080D3E4 /* SceneDelegate.swift */,
				AC55C7D5254571EB0080D3E4 /* Assets.xcassets */,
				AC55C7D7254571EB0080D3E4 /* LaunchScreen.storyboard */,
				AC55C7DA254571EB0080D3E4 /* Info.plist */,
			);
			path = BitbucketRepo;
			sourceTree = "<group>";
		};
		AC55C7E2254571EB0080D3E4 /* BitbucketRepoTests */ = {
			isa = PBXGroup;
			children = (
				AC55C7E3254571EB0080D3E4 /* BitbucketRepoTests.swift */,
				AC55C7E5254571EB0080D3E4 /* Info.plist */,
			);
			path = BitbucketRepoTests;
			sourceTree = "<group>";
		};
		AC55C7ED254571EB0080D3E4 /* BitbucketRepoUITests */ = {
			isa = PBXGroup;
			children = (
				AC55C7EE254571EB0080D3E4 /* BitbucketRepoUITests.swift */,
				AC55C7F0254571EB0080D3E4 /* Info.plist */,
			);
			path = BitbucketRepoUITests;
			sourceTree = "<group>";
		};
		AC55C81A254584890080D3E4 /* ViewControllers */ = {
			isa = PBXGroup;
			children = (
				AC55C83825458A1D0080D3E4 /* RepositoryCell */,
				AC55C81E254584E80080D3E4 /* ListRepositoryViewController.swift */,
			);
			path = ViewControllers;
			sourceTree = "<group>";
		};
		AC55C826254585360080D3E4 /* Models */ = {
			isa = PBXGroup;
			children = (
				AC55C82A254585600080D3E4 /* RepositoryResponse.swift */,
				AC55C82F2545868C0080D3E4 /* Repository.swift */,
				ACA787B62545A9A30080CCBF /* Owner.swift */,
			);
			path = Models;
			sourceTree = "<group>";
		};
		AC55C834254588D90080D3E4 /* Views */ = {
			isa = PBXGroup;
			children = (
				AC55C7D2254571E80080D3E4 /* Main.storyboard */,
			);
			path = Views;
			sourceTree = "<group>";
		};
		AC55C83825458A1D0080D3E4 /* RepositoryCell */ = {
			isa = PBXGroup;
			children = (
				AC55C83925458A3C0080D3E4 /* RepositoryCell.swift */,
			);
			path = RepositoryCell;
			sourceTree = "<group>";
		};
		AC55C84125458AD50080D3E4 /* Helpers */ = {
			isa = PBXGroup;
			children = (
				AC55C84225458AF20080D3E4 /* NetworkManager.swift */,
				ACCD9DC12545AE95004A274D /* Utils.swift */,
				ACCD9DC62545B61F004A274D /* Constants.swift */,
			);
			path = Helpers;
			sourceTree = "<group>";
		};
		E4B4B0F54977A6D3EA5B5E5C /* Pods */ = {
			isa = PBXGroup;
			children = (
				CCD000790C246E58E5792E17 /* Pods-BitbucketRepo.debug.xcconfig */,
				907AC66A210BD20B403F824D /* Pods-BitbucketRepo.release.xcconfig */,
			);
			path = Pods;
			sourceTree = "<group>";
		};
/* End PBXGroup section */

/* Begin PBXNativeTarget section */
		AC55C7C8254571E80080D3E4 /* BitbucketRepo */ = {
			isa = PBXNativeTarget;
			buildConfigurationList = AC55C7F3254571EB0080D3E4 /* Build configuration list for PBXNativeTarget "BitbucketRepo" */;
			buildPhases = (
				3F9CB0DE36B3F1CDD6520514 /* [CP] Check Pods Manifest.lock */,
				AC55C7C5254571E80080D3E4 /* Sources */,
				AC55C7C6254571E80080D3E4 /* Frameworks */,
				AC55C7C7254571E80080D3E4 /* Resources */,
				3D86448B74BEF538CEDFB85E /* [CP] Embed Pods Frameworks */,
			);
			buildRules = (
			);
			dependencies = (
			);
			name = BitbucketRepo;
			productName = BitbucketRepo;
			productReference = AC55C7C9254571E80080D3E4 /* BitbucketRepo.app */;
			productType = "com.apple.product-type.application";
		};
		AC55C7DE254571EB0080D3E4 /* BitbucketRepoTests */ = {
			isa = PBXNativeTarget;
			buildConfigurationList = AC55C7F6254571EB0080D3E4 /* Build configuration list for PBXNativeTarget "BitbucketRepoTests" */;
			buildPhases = (
				AC55C7DB254571EB0080D3E4 /* Sources */,
				AC55C7DC254571EB0080D3E4 /* Frameworks */,
				AC55C7DD254571EB0080D3E4 /* Resources */,
			);
			buildRules = (
			);
			dependencies = (
				AC55C7E1254571EB0080D3E4 /* PBXTargetDependency */,
			);
			name = BitbucketRepoTests;
			productName = BitbucketRepoTests;
			productReference = AC55C7DF254571EB0080D3E4 /* BitbucketRepoTests.xctest */;
			productType = "com.apple.product-type.bundle.unit-test";
		};
		AC55C7E9254571EB0080D3E4 /* BitbucketRepoUITests */ = {
			isa = PBXNativeTarget;
			buildConfigurationList = AC55C7F9254571EB0080D3E4 /* Build configuration list for PBXNativeTarget "BitbucketRepoUITests" */;
			buildPhases = (
				AC55C7E6254571EB0080D3E4 /* Sources */,
				AC55C7E7254571EB0080D3E4 /* Frameworks */,
				AC55C7E8254571EB0080D3E4 /* Resources */,
			);
			buildRules = (
			);
			dependencies = (
				AC55C7EC254571EB0080D3E4 /* PBXTargetDependency */,
			);
			name = BitbucketRepoUITests;
			productName = BitbucketRepoUITests;
			productReference = AC55C7EA254571EB0080D3E4 /* BitbucketRepoUITests.xctest */;
			productType = "com.apple.product-type.bundle.ui-testing";
		};
/* End PBXNativeTarget section */

/* Begin PBXProject section */
		AC55C7C1254571E80080D3E4 /* Project object */ = {
			isa = PBXProject;
			attributes = {
				LastSwiftUpdateCheck = 1210;
				LastUpgradeCheck = 1210;
				TargetAttributes = {
					AC55C7C8254571E80080D3E4 = {
						CreatedOnToolsVersion = 12.1;
					};
					AC55C7DE254571EB0080D3E4 = {
						CreatedOnToolsVersion = 12.1;
						TestTargetID = AC55C7C8254571E80080D3E4;
					};
					AC55C7E9254571EB0080D3E4 = {
						CreatedOnToolsVersion = 12.1;
						TestTargetID = AC55C7C8254571E80080D3E4;
					};
				};
			};
			buildConfigurationList = AC55C7C4254571E80080D3E4 /* Build configuration list for PBXProject "BitbucketRepo" */;
			compatibilityVersion = "Xcode 9.3";
			developmentRegion = en;
			hasScannedForEncodings = 0;
			knownRegions = (
				en,
				Base,
			);
			mainGroup = AC55C7C0254571E80080D3E4;
			productRefGroup = AC55C7CA254571E80080D3E4 /* Products */;
			projectDirPath = "";
			projectRoot = "";
			targets = (
				AC55C7C8254571E80080D3E4 /* BitbucketRepo */,
				AC55C7DE254571EB0080D3E4 /* BitbucketRepoTests */,
				AC55C7E9254571EB0080D3E4 /* BitbucketRepoUITests */,
			);
		};
/* End PBXProject section */

/* Begin PBXResourcesBuildPhase section */
		AC55C7C7254571E80080D3E4 /* Resources */ = {
			isa = PBXResourcesBuildPhase;
			buildActionMask = 2147483647;
			files = (
				AC55C7D9254571EB0080D3E4 /* LaunchScreen.storyboard in Resources */,
				AC55C7D6254571EB0080D3E4 /* Assets.xcassets in Resources */,
				AC55C7D4254571E80080D3E4 /* Main.storyboard in Resources */,
			);
			runOnlyForDeploymentPostprocessing = 0;
		};
		AC55C7DD254571EB0080D3E4 /* Resources */ = {
			isa = PBXResourcesBuildPhase;
			buildActionMask = 2147483647;
			files = (
			);
			runOnlyForDeploymentPostprocessing = 0;
		};
		AC55C7E8254571EB0080D3E4 /* Resources */ = {
			isa = PBXResourcesBuildPhase;
			buildActionMask = 2147483647;
			files = (
			);
			runOnlyForDeploymentPostprocessing = 0;
		};
/* End PBXResourcesBuildPhase section */

/* Begin PBXShellScriptBuildPhase section */
		3D86448B74BEF538CEDFB85E /* [CP] Embed Pods Frameworks */ = {
			isa = PBXShellScriptBuildPhase;
			buildActionMask = 2147483647;
			files = (
			);
			inputFileListPaths = (
				"${PODS_ROOT}/Target Support Files/Pods-BitbucketRepo/Pods-BitbucketRepo-frameworks-${CONFIGURATION}-input-files.xcfilelist",
			);
			name = "[CP] Embed Pods Frameworks";
			outputFileListPaths = (
				"${PODS_ROOT}/Target Support Files/Pods-BitbucketRepo/Pods-BitbucketRepo-frameworks-${CONFIGURATION}-output-files.xcfilelist",
			);
			runOnlyForDeploymentPostprocessing = 0;
			shellPath = /bin/sh;
			shellScript = "\"${PODS_ROOT}/Target Support Files/Pods-BitbucketRepo/Pods-BitbucketRepo-frameworks.sh\"\n";
			showEnvVarsInLog = 0;
		};
		3F9CB0DE36B3F1CDD6520514 /* [CP] Check Pods Manifest.lock */ = {
			isa = PBXShellScriptBuildPhase;
			buildActionMask = 2147483647;
			files = (
			);
			inputFileListPaths = (
			);
			inputPaths = (
				"${PODS_PODFILE_DIR_PATH}/Podfile.lock",
				"${PODS_ROOT}/Manifest.lock",
			);
			name = "[CP] Check Pods Manifest.lock";
			outputFileListPaths = (
			);
			outputPaths = (
				"$(DERIVED_FILE_DIR)/Pods-BitbucketRepo-checkManifestLockResult.txt",
			);
			runOnlyForDeploymentPostprocessing = 0;
			shellPath = /bin/sh;
			shellScript = "diff \"${PODS_PODFILE_DIR_PATH}/Podfile.lock\" \"${PODS_ROOT}/Manifest.lock\" > /dev/null\nif [ $? != 0 ] ; then\n    # print error to STDERR\n    echo \"error: The sandbox is not in sync with the Podfile.lock. Run 'pod install' or update your CocoaPods installation.\" >&2\n    exit 1\nfi\n# This output is used by Xcode 'outputs' to avoid re-running this script phase.\necho \"SUCCESS\" > \"${SCRIPT_OUTPUT_FILE_0}\"\n";
			showEnvVarsInLog = 0;
		};
/* End PBXShellScriptBuildPhase section */

/* Begin PBXSourcesBuildPhase section */
		AC55C7C5254571E80080D3E4 /* Sources */ = {
			isa = PBXSourcesBuildPhase;
			buildActionMask = 2147483647;
			files = (
				AC55C7CD254571E80080D3E4 /* AppDelegate.swift in Sources */,
				ACA787B72545A9A30080CCBF /* Owner.swift in Sources */,
				ACCD9DC22545AE95004A274D /* Utils.swift in Sources */,
				AC55C7CF254571E80080D3E4 /* SceneDelegate.swift in Sources */,
				AC55C8302545868C0080D3E4 /* Repository.swift in Sources */,
				ACCD9DC72545B61F004A274D /* Constants.swift in Sources */,
				AC55C83A25458A3C0080D3E4 /* RepositoryCell.swift in Sources */,
				AC55C82B254585600080D3E4 /* RepositoryResponse.swift in Sources */,
				AC55C81F254584E80080D3E4 /* ListRepositoryViewController.swift in Sources */,
				AC55C84325458AF20080D3E4 /* NetworkManager.swift in Sources */,
			);
			runOnlyForDeploymentPostprocessing = 0;
		};
		AC55C7DB254571EB0080D3E4 /* Sources */ = {
			isa = PBXSourcesBuildPhase;
			buildActionMask = 2147483647;
			files = (
				AC55C7E4254571EB0080D3E4 /* BitbucketRepoTests.swift in Sources */,
			);
			runOnlyForDeploymentPostprocessing = 0;
		};
		AC55C7E6254571EB0080D3E4 /* Sources */ = {
			isa = PBXSourcesBuildPhase;
			buildActionMask = 2147483647;
			files = (
				AC55C7EF254571EB0080D3E4 /* BitbucketRepoUITests.swift in Sources */,
			);
			runOnlyForDeploymentPostprocessing = 0;
		};
/* End PBXSourcesBuildPhase section */

/* Begin PBXTargetDependency section */
		AC55C7E1254571EB0080D3E4 /* PBXTargetDependency */ = {
			isa = PBXTargetDependency;
			target = AC55C7C8254571E80080D3E4 /* BitbucketRepo */;
			targetProxy = AC55C7E0254571EB0080D3E4 /* PBXContainerItemProxy */;
		};
		AC55C7EC254571EB0080D3E4 /* PBXTargetDependency */ = {
			isa = PBXTargetDependency;
			target = AC55C7C8254571E80080D3E4 /* BitbucketRepo */;
			targetProxy = AC55C7EB254571EB0080D3E4 /* PBXContainerItemProxy */;
		};
/* End PBXTargetDependency section */

/* Begin PBXVariantGroup section */
		AC55C7D2254571E80080D3E4 /* Main.storyboard */ = {
			isa = PBXVariantGroup;
			children = (
				AC55C7D3254571E80080D3E4 /* Base */,
			);
			name = Main.storyboard;
			sourceTree = "<group>";
		};
		AC55C7D7254571EB0080D3E4 /* LaunchScreen.storyboard */ = {
			isa = PBXVariantGroup;
			children = (
				AC55C7D8254571EB0080D3E4 /* Base */,
			);
			name = LaunchScreen.storyboard;
			sourceTree = "<group>";
		};
/* End PBXVariantGroup section */

/* Begin XCBuildConfiguration section */
		AC55C7F1254571EB0080D3E4 /* Debug */ = {
			isa = XCBuildConfiguration;
			buildSettings = {
				ALWAYS_SEARCH_USER_PATHS = NO;
				CLANG_ANALYZER_NONNULL = YES;
				CLANG_ANALYZER_NUMBER_OBJECT_CONVERSION = YES_AGGRESSIVE;
				CLANG_CXX_LANGUAGE_STANDARD = "gnu++14";
				CLANG_CXX_LIBRARY = "libc++";
				CLANG_ENABLE_MODULES = YES;
				CLANG_ENABLE_OBJC_ARC = YES;
				CLANG_ENABLE_OBJC_WEAK = YES;
				CLANG_WARN_BLOCK_CAPTURE_AUTORELEASING = YES;
				CLANG_WARN_BOOL_CONVERSION = YES;
				CLANG_WARN_COMMA = YES;
				CLANG_WARN_CONSTANT_CONVERSION = YES;
				CLANG_WARN_DEPRECATED_OBJC_IMPLEMENTATIONS = YES;
				CLANG_WARN_DIRECT_OBJC_ISA_USAGE = YES_ERROR;
				CLANG_WARN_DOCUMENTATION_COMMENTS = YES;
				CLANG_WARN_EMPTY_BODY = YES;
				CLANG_WARN_ENUM_CONVERSION = YES;
				CLANG_WARN_INFINITE_RECURSION = YES;
				CLANG_WARN_INT_CONVERSION = YES;
				CLANG_WARN_NON_LITERAL_NULL_CONVERSION = YES;
				CLANG_WARN_OBJC_IMPLICIT_RETAIN_SELF = YES;
				CLANG_WARN_OBJC_LITERAL_CONVERSION = YES;
				CLANG_WARN_OBJC_ROOT_CLASS = YES_ERROR;
				CLANG_WARN_QUOTED_INCLUDE_IN_FRAMEWORK_HEADER = YES;
				CLANG_WARN_RANGE_LOOP_ANALYSIS = YES;
				CLANG_WARN_STRICT_PROTOTYPES = YES;
				CLANG_WARN_SUSPICIOUS_MOVE = YES;
				CLANG_WARN_UNGUARDED_AVAILABILITY = YES_AGGRESSIVE;
				CLANG_WARN_UNREACHABLE_CODE = YES;
				CLANG_WARN__DUPLICATE_METHOD_MATCH = YES;
				COPY_PHASE_STRIP = NO;
				DEBUG_INFORMATION_FORMAT = dwarf;
				ENABLE_STRICT_OBJC_MSGSEND = YES;
				ENABLE_TESTABILITY = YES;
				GCC_C_LANGUAGE_STANDARD = gnu11;
				GCC_DYNAMIC_NO_PIC = NO;
				GCC_NO_COMMON_BLOCKS = YES;
				GCC_OPTIMIZATION_LEVEL = 0;
				GCC_PREPROCESSOR_DEFINITIONS = (
					"DEBUG=1",
					"$(inherited)",
				);
				GCC_WARN_64_TO_32_BIT_CONVERSION = YES;
				GCC_WARN_ABOUT_RETURN_TYPE = YES_ERROR;
				GCC_WARN_UNDECLARED_SELECTOR = YES;
				GCC_WARN_UNINITIALIZED_AUTOS = YES_AGGRESSIVE;
				GCC_WARN_UNUSED_FUNCTION = YES;
				GCC_WARN_UNUSED_VARIABLE = YES;
				IPHONEOS_DEPLOYMENT_TARGET = 14.1;
				MTL_ENABLE_DEBUG_INFO = INCLUDE_SOURCE;
				MTL_FAST_MATH = YES;
				ONLY_ACTIVE_ARCH = YES;
				SDKROOT = iphoneos;
				SWIFT_ACTIVE_COMPILATION_CONDITIONS = DEBUG;
				SWIFT_OPTIMIZATION_LEVEL = "-Onone";
			};
			name = Debug;
		};
		AC55C7F2254571EB0080D3E4 /* Release */ = {
			isa = XCBuildConfiguration;
			buildSettings = {
				ALWAYS_SEARCH_USER_PATHS = NO;
				CLANG_ANALYZER_NONNULL = YES;
				CLANG_ANALYZER_NUMBER_OBJECT_CONVERSION = YES_AGGRESSIVE;
				CLANG_CXX_LANGUAGE_STANDARD = "gnu++14";
				CLANG_CXX_LIBRARY = "libc++";
				CLANG_ENABLE_MODULES = YES;
				CLANG_ENABLE_OBJC_ARC = YES;
				CLANG_ENABLE_OBJC_WEAK = YES;
				CLANG_WARN_BLOCK_CAPTURE_AUTORELEASING = YES;
				CLANG_WARN_BOOL_CONVERSION = YES;
				CLANG_WARN_COMMA = YES;
				CLANG_WARN_CONSTANT_CONVERSION = YES;
				CLANG_WARN_DEPRECATED_OBJC_IMPLEMENTATIONS = YES;
				CLANG_WARN_DIRECT_OBJC_ISA_USAGE = YES_ERROR;
				CLANG_WARN_DOCUMENTATION_COMMENTS = YES;
				CLANG_WARN_EMPTY_BODY = YES;
				CLANG_WARN_ENUM_CONVERSION = YES;
				CLANG_WARN_INFINITE_RECURSION = YES;
				CLANG_WARN_INT_CONVERSION = YES;
				CLANG_WARN_NON_LITERAL_NULL_CONVERSION = YES;
				CLANG_WARN_OBJC_IMPLICIT_RETAIN_SELF = YES;
				CLANG_WARN_OBJC_LITERAL_CONVERSION = YES;
				CLANG_WARN_OBJC_ROOT_CLASS = YES_ERROR;
				CLANG_WARN_QUOTED_INCLUDE_IN_FRAMEWORK_HEADER = YES;
				CLANG_WARN_RANGE_LOOP_ANALYSIS = YES;
				CLANG_WARN_STRICT_PROTOTYPES = YES;
				CLANG_WARN_SUSPICIOUS_MOVE = YES;
				CLANG_WARN_UNGUARDED_AVAILABILITY = YES_AGGRESSIVE;
				CLANG_WARN_UNREACHABLE_CODE = YES;
				CLANG_WARN__DUPLICATE_METHOD_MATCH = YES;
				COPY_PHASE_STRIP = NO;
				DEBUG_INFORMATION_FORMAT = "dwarf-with-dsym";
				ENABLE_NS_ASSERTIONS = NO;
				ENABLE_STRICT_OBJC_MSGSEND = YES;
				GCC_C_LANGUAGE_STANDARD = gnu11;
				GCC_NO_COMMON_BLOCKS = YES;
				GCC_WARN_64_TO_32_BIT_CONVERSION = YES;
				GCC_WARN_ABOUT_RETURN_TYPE = YES_ERROR;
				GCC_WARN_UNDECLARED_SELECTOR = YES;
				GCC_WARN_UNINITIALIZED_AUTOS = YES_AGGRESSIVE;
				GCC_WARN_UNUSED_FUNCTION = YES;
				GCC_WARN_UNUSED_VARIABLE = YES;
				IPHONEOS_DEPLOYMENT_TARGET = 14.1;
				MTL_ENABLE_DEBUG_INFO = NO;
				MTL_FAST_MATH = YES;
				SDKROOT = iphoneos;
				SWIFT_COMPILATION_MODE = wholemodule;
				SWIFT_OPTIMIZATION_LEVEL = "-O";
				VALIDATE_PRODUCT = YES;
			};
			name = Release;
		};
		AC55C7F4254571EB0080D3E4 /* Debug */ = {
			isa = XCBuildConfiguration;
			baseConfigurationReference = CCD000790C246E58E5792E17 /* Pods-BitbucketRepo.debug.xcconfig */;
			buildSettings = {
				ASSETCATALOG_COMPILER_APPICON_NAME = AppIcon;
				ASSETCATALOG_COMPILER_GLOBAL_ACCENT_COLOR_NAME = AccentColor;
				CODE_SIGN_STYLE = Automatic;
				INFOPLIST_FILE = BitbucketRepo/Info.plist;
				LD_RUNPATH_SEARCH_PATHS = (
					"$(inherited)",
					"@executable_path/Frameworks",
				);
				PRODUCT_BUNDLE_IDENTIFIER = erictruong.BitbucketRepo;
				PRODUCT_NAME = "$(TARGET_NAME)";
				SWIFT_VERSION = 5.0;
				TARGETED_DEVICE_FAMILY = "1,2";
			};
			name = Debug;
		};
		AC55C7F5254571EB0080D3E4 /* Release */ = {
			isa = XCBuildConfiguration;
			baseConfigurationReference = 907AC66A210BD20B403F824D /* Pods-BitbucketRepo.release.xcconfig */;
			buildSettings = {
				ASSETCATALOG_COMPILER_APPICON_NAME = AppIcon;
				ASSETCATALOG_COMPILER_GLOBAL_ACCENT_COLOR_NAME = AccentColor;
				CODE_SIGN_STYLE = Automatic;
				INFOPLIST_FILE = BitbucketRepo/Info.plist;
				LD_RUNPATH_SEARCH_PATHS = (
					"$(inherited)",
					"@executable_path/Frameworks",
				);
				PRODUCT_BUNDLE_IDENTIFIER = erictruong.BitbucketRepo;
				PRODUCT_NAME = "$(TARGET_NAME)";
				SWIFT_VERSION = 5.0;
				TARGETED_DEVICE_FAMILY = "1,2";
			};
			name = Release;
		};
		AC55C7F7254571EB0080D3E4 /* Debug */ = {
			isa = XCBuildConfiguration;
			buildSettings = {
				ALWAYS_EMBED_SWIFT_STANDARD_LIBRARIES = YES;
				BUNDLE_LOADER = "$(TEST_HOST)";
				CODE_SIGN_STYLE = Automatic;
				INFOPLIST_FILE = BitbucketRepoTests/Info.plist;
				IPHONEOS_DEPLOYMENT_TARGET = 14.1;
				LD_RUNPATH_SEARCH_PATHS = (
					"$(inherited)",
					"@executable_path/Frameworks",
					"@loader_path/Frameworks",
				);
				PRODUCT_BUNDLE_IDENTIFIER = erictruong.BitbucketRepoTests;
				PRODUCT_NAME = "$(TARGET_NAME)";
				SWIFT_VERSION = 5.0;
				TARGETED_DEVICE_FAMILY = "1,2";
				TEST_HOST = "$(BUILT_PRODUCTS_DIR)/BitbucketRepo.app/BitbucketRepo";
			};
			name = Debug;
		};
		AC55C7F8254571EB0080D3E4 /* Release */ = {
			isa = XCBuildConfiguration;
			buildSettings = {
				ALWAYS_EMBED_SWIFT_STANDARD_LIBRARIES = YES;
				BUNDLE_LOADER = "$(TEST_HOST)";
				CODE_SIGN_STYLE = Automatic;
				INFOPLIST_FILE = BitbucketRepoTests/Info.plist;
				IPHONEOS_DEPLOYMENT_TARGET = 14.1;
				LD_RUNPATH_SEARCH_PATHS = (
					"$(inherited)",
					"@executable_path/Frameworks",
					"@loader_path/Frameworks",
				);
				PRODUCT_BUNDLE_IDENTIFIER = erictruong.BitbucketRepoTests;
				PRODUCT_NAME = "$(TARGET_NAME)";
				SWIFT_VERSION = 5.0;
				TARGETED_DEVICE_FAMILY = "1,2";
				TEST_HOST = "$(BUILT_PRODUCTS_DIR)/BitbucketRepo.app/BitbucketRepo";
			};
			name = Release;
		};
		AC55C7FA254571EB0080D3E4 /* Debug */ = {
			isa = XCBuildConfiguration;
			buildSettings = {
				ALWAYS_EMBED_SWIFT_STANDARD_LIBRARIES = YES;
				CODE_SIGN_STYLE = Automatic;
				INFOPLIST_FILE = BitbucketRepoUITests/Info.plist;
				LD_RUNPATH_SEARCH_PATHS = (
					"$(inherited)",
					"@executable_path/Frameworks",
					"@loader_path/Frameworks",
				);
				PRODUCT_BUNDLE_IDENTIFIER = erictruong.BitbucketRepoUITests;
				PRODUCT_NAME = "$(TARGET_NAME)";
				SWIFT_VERSION = 5.0;
				TARGETED_DEVICE_FAMILY = "1,2";
				TEST_TARGET_NAME = BitbucketRepo;
			};
			name = Debug;
		};
		AC55C7FB254571EB0080D3E4 /* Release */ = {
			isa = XCBuildConfiguration;
			buildSettings = {
				ALWAYS_EMBED_SWIFT_STANDARD_LIBRARIES = YES;
				CODE_SIGN_STYLE = Automatic;
				INFOPLIST_FILE = BitbucketRepoUITests/Info.plist;
				LD_RUNPATH_SEARCH_PATHS = (
					"$(inherited)",
					"@executable_path/Frameworks",
					"@loader_path/Frameworks",
				);
				PRODUCT_BUNDLE_IDENTIFIER = erictruong.BitbucketRepoUITests;
				PRODUCT_NAME = "$(TARGET_NAME)";
				SWIFT_VERSION = 5.0;
				TARGETED_DEVICE_FAMILY = "1,2";
				TEST_TARGET_NAME = BitbucketRepo;
			};
			name = Release;
		};
/* End XCBuildConfiguration section */

/* Begin XCConfigurationList section */
		AC55C7C4254571E80080D3E4 /* Build configuration list for PBXProject "BitbucketRepo" */ = {
			isa = XCConfigurationList;
			buildConfigurations = (
				AC55C7F1254571EB0080D3E4 /* Debug */,
				AC55C7F2254571EB0080D3E4 /* Release */,
			);
			defaultConfigurationIsVisible = 0;
			defaultConfigurationName = Release;
		};
		AC55C7F3254571EB0080D3E4 /* Build configuration list for PBXNativeTarget "BitbucketRepo" */ = {
			isa = XCConfigurationList;
			buildConfigurations = (
				AC55C7F4254571EB0080D3E4 /* Debug */,
				AC55C7F5254571EB0080D3E4 /* Release */,
			);
			defaultConfigurationIsVisible = 0;
			defaultConfigurationName = Release;
		};
		AC55C7F6254571EB0080D3E4 /* Build configuration list for PBXNativeTarget "BitbucketRepoTests" */ = {
			isa = XCConfigurationList;
			buildConfigurations = (
				AC55C7F7254571EB0080D3E4 /* Debug */,
				AC55C7F8254571EB0080D3E4 /* Release */,
			);
			defaultConfigurationIsVisible = 0;
			defaultConfigurationName = Release;
		};
		AC55C7F9254571EB0080D3E4 /* Build configuration list for PBXNativeTarget "BitbucketRepoUITests" */ = {
			isa = XCConfigurationList;
			buildConfigurations = (
				AC55C7FA254571EB0080D3E4 /* Debug */,
				AC55C7FB254571EB0080D3E4 /* Release */,
			);
			defaultConfigurationIsVisible = 0;
			defaultConfigurationName = Release;
		};
/* End XCConfigurationList section */
	};
	rootObject = AC55C7C1254571E80080D3E4 /* Project object */;
}
